// !$*UTF8*$!
{
	archiveVersion = 1;
	classes = {
	};
	objectVersion = 50;
	objects = {

/* Begin PBXBuildFile section */
		D50644B5244B8FFE00AC31BB /* VIPERViewController.xib in Resources */ = {isa = PBXBuildFile; fileRef = D50644B4244B8FFE00AC31BB /* VIPERViewController.xib */; };
		D50644B7244B900E00AC31BB /* VIPERViewController.swift in Sources */ = {isa = PBXBuildFile; fileRef = D50644B6244B900E00AC31BB /* VIPERViewController.swift */; };
		D50644B9244B902200AC31BB /* VIPERPresenter.swift in Sources */ = {isa = PBXBuildFile; fileRef = D50644B8244B902200AC31BB /* VIPERPresenter.swift */; };
		D50644BB244B914500AC31BB /* VIPERInteractor.swift in Sources */ = {isa = PBXBuildFile; fileRef = D50644BA244B914500AC31BB /* VIPERInteractor.swift */; };
		D50644BD244B915400AC31BB /* Interactor.swift in Sources */ = {isa = PBXBuildFile; fileRef = D50644BC244B915400AC31BB /* Interactor.swift */; };
		D50644BF244B93CE00AC31BB /* VIPERRouter.swift in Sources */ = {isa = PBXBuildFile; fileRef = D50644BE244B93CE00AC31BB /* VIPERRouter.swift */; };
		D50644C1244B93DE00AC31BB /* Router.swift in Sources */ = {isa = PBXBuildFile; fileRef = D50644C0244B93DE00AC31BB /* Router.swift */; };
		D55BA1E7244B46AE002CD4C8 /* AppDelegate.swift in Sources */ = {isa = PBXBuildFile; fileRef = D55BA1E6244B46AE002CD4C8 /* AppDelegate.swift */; };
		D55BA1E9244B46AE002CD4C8 /* SceneDelegate.swift in Sources */ = {isa = PBXBuildFile; fileRef = D55BA1E8244B46AE002CD4C8 /* SceneDelegate.swift */; };
		D55BA1EB244B46AE002CD4C8 /* ViewController.swift in Sources */ = {isa = PBXBuildFile; fileRef = D55BA1EA244B46AE002CD4C8 /* ViewController.swift */; };
		D55BA1F0244B46AF002CD4C8 /* Assets.xcassets in Resources */ = {isa = PBXBuildFile; fileRef = D55BA1EF244B46AF002CD4C8 /* Assets.xcassets */; };
		D55BA1F3244B46AF002CD4C8 /* LaunchScreen.storyboard in Resources */ = {isa = PBXBuildFile; fileRef = D55BA1F1244B46AF002CD4C8 /* LaunchScreen.storyboard */; };
		D55BA1FE244B46B0002CD4C8 /* iOSTemplatesTests.swift in Sources */ = {isa = PBXBuildFile; fileRef = D55BA1FD244B46B0002CD4C8 /* iOSTemplatesTests.swift */; };
		D55BA209244B46B0002CD4C8 /* iOSTemplatesUITests.swift in Sources */ = {isa = PBXBuildFile; fileRef = D55BA208244B46B0002CD4C8 /* iOSTemplatesUITests.swift */; };
		D55BA218244B47D4002CD4C8 /* TabBarController.swift in Sources */ = {isa = PBXBuildFile; fileRef = D55BA216244B47D4002CD4C8 /* TabBarController.swift */; };
		D55BA222244B4EB8002CD4C8 /* MVCViewController.swift in Sources */ = {isa = PBXBuildFile; fileRef = D55BA220244B4EB8002CD4C8 /* MVCViewController.swift */; };
		D55BA223244B4EB8002CD4C8 /* MVCViewController.xib in Resources */ = {isa = PBXBuildFile; fileRef = D55BA221244B4EB8002CD4C8 /* MVCViewController.xib */; };
		D5836F23244B707F00E636D4 /* NavigationController.swift in Sources */ = {isa = PBXBuildFile; fileRef = D5836F22244B707F00E636D4 /* NavigationController.swift */; };
		D5836F26244B7D1600E636D4 /* UIButon+Utils.swift in Sources */ = {isa = PBXBuildFile; fileRef = D5836F25244B7D1600E636D4 /* UIButon+Utils.swift */; };
		D5836F28244B7E9100E636D4 /* ModuleData.swift in Sources */ = {isa = PBXBuildFile; fileRef = D5836F27244B7E9100E636D4 /* ModuleData.swift */; };
		D5836F2A244B83D400E636D4 /* MVVMViewController.xib in Resources */ = {isa = PBXBuildFile; fileRef = D5836F29244B83D400E636D4 /* MVVMViewController.xib */; };
		D5836F2C244B83DF00E636D4 /* MVVMViewController.swift in Sources */ = {isa = PBXBuildFile; fileRef = D5836F2B244B83DF00E636D4 /* MVVMViewController.swift */; };
		D5836F2E244B860C00E636D4 /* MVVMViewModel.swift in Sources */ = {isa = PBXBuildFile; fileRef = D5836F2D244B860C00E636D4 /* MVVMViewModel.swift */; };
		D5836F30244B861D00E636D4 /* ViewModel.swift in Sources */ = {isa = PBXBuildFile; fileRef = D5836F2F244B861D00E636D4 /* ViewModel.swift */; };
/* End PBXBuildFile section */

/* Begin PBXContainerItemProxy section */
		D55BA1FA244B46B0002CD4C8 /* PBXContainerItemProxy */ = {
			isa = PBXContainerItemProxy;
			containerPortal = D55BA1DB244B46AE002CD4C8 /* Project object */;
			proxyType = 1;
			remoteGlobalIDString = D55BA1E2244B46AE002CD4C8;
			remoteInfo = iOSTemplates;
		};
		D55BA205244B46B0002CD4C8 /* PBXContainerItemProxy */ = {
			isa = PBXContainerItemProxy;
			containerPortal = D55BA1DB244B46AE002CD4C8 /* Project object */;
			proxyType = 1;
			remoteGlobalIDString = D55BA1E2244B46AE002CD4C8;
			remoteInfo = iOSTemplates;
		};
/* End PBXContainerItemProxy section */

/* Begin PBXFileReference section */
		D50644B4244B8FFE00AC31BB /* VIPERViewController.xib */ = {isa = PBXFileReference; fileEncoding = 4; lastKnownFileType = file.xib; path = VIPERViewController.xib; sourceTree = "<group>"; };
		D50644B6244B900E00AC31BB /* VIPERViewController.swift */ = {isa = PBXFileReference; fileEncoding = 4; lastKnownFileType = sourcecode.swift; path = VIPERViewController.swift; sourceTree = "<group>"; };
		D50644B8244B902200AC31BB /* VIPERPresenter.swift */ = {isa = PBXFileReference; fileEncoding = 4; lastKnownFileType = sourcecode.swift; path = VIPERPresenter.swift; sourceTree = "<group>"; };
		D50644BA244B914500AC31BB /* VIPERInteractor.swift */ = {isa = PBXFileReference; lastKnownFileType = sourcecode.swift; path = VIPERInteractor.swift; sourceTree = "<group>"; };
		D50644BC244B915400AC31BB /* Interactor.swift */ = {isa = PBXFileReference; lastKnownFileType = sourcecode.swift; path = Interactor.swift; sourceTree = "<group>"; };
		D50644BE244B93CE00AC31BB /* VIPERRouter.swift */ = {isa = PBXFileReference; lastKnownFileType = sourcecode.swift; path = VIPERRouter.swift; sourceTree = "<group>"; };
		D50644C0244B93DE00AC31BB /* Router.swift */ = {isa = PBXFileReference; lastKnownFileType = sourcecode.swift; path = Router.swift; sourceTree = "<group>"; };
		D55BA1E3244B46AE002CD4C8 /* iOS Templates.app */ = {isa = PBXFileReference; explicitFileType = wrapper.application; includeInIndex = 0; path = "iOS Templates.app"; sourceTree = BUILT_PRODUCTS_DIR; };
		D55BA1E6244B46AE002CD4C8 /* AppDelegate.swift */ = {isa = PBXFileReference; lastKnownFileType = sourcecode.swift; path = AppDelegate.swift; sourceTree = "<group>"; };
		D55BA1E8244B46AE002CD4C8 /* SceneDelegate.swift */ = {isa = PBXFileReference; lastKnownFileType = sourcecode.swift; path = SceneDelegate.swift; sourceTree = "<group>"; };
		D55BA1EA244B46AE002CD4C8 /* ViewController.swift */ = {isa = PBXFileReference; lastKnownFileType = sourcecode.swift; path = ViewController.swift; sourceTree = "<group>"; };
		D55BA1EF244B46AF002CD4C8 /* Assets.xcassets */ = {isa = PBXFileReference; lastKnownFileType = folder.assetcatalog; path = Assets.xcassets; sourceTree = "<group>"; };
		D55BA1F2244B46AF002CD4C8 /* Base */ = {isa = PBXFileReference; lastKnownFileType = file.storyboard; name = Base; path = Base.lproj/LaunchScreen.storyboard; sourceTree = "<group>"; };
		D55BA1F4244B46AF002CD4C8 /* Info.plist */ = {isa = PBXFileReference; lastKnownFileType = text.plist.xml; path = Info.plist; sourceTree = "<group>"; };
		D55BA1F9244B46B0002CD4C8 /* iOSTemplatesTests.xctest */ = {isa = PBXFileReference; explicitFileType = wrapper.cfbundle; includeInIndex = 0; path = iOSTemplatesTests.xctest; sourceTree = BUILT_PRODUCTS_DIR; };
		D55BA1FD244B46B0002CD4C8 /* iOSTemplatesTests.swift */ = {isa = PBXFileReference; lastKnownFileType = sourcecode.swift; path = iOSTemplatesTests.swift; sourceTree = "<group>"; };
		D55BA1FF244B46B0002CD4C8 /* Info.plist */ = {isa = PBXFileReference; lastKnownFileType = text.plist.xml; path = Info.plist; sourceTree = "<group>"; };
		D55BA204244B46B0002CD4C8 /* iOSTemplatesUITests.xctest */ = {isa = PBXFileReference; explicitFileType = wrapper.cfbundle; includeInIndex = 0; path = iOSTemplatesUITests.xctest; sourceTree = BUILT_PRODUCTS_DIR; };
		D55BA208244B46B0002CD4C8 /* iOSTemplatesUITests.swift */ = {isa = PBXFileReference; lastKnownFileType = sourcecode.swift; path = iOSTemplatesUITests.swift; sourceTree = "<group>"; };
		D55BA20A244B46B0002CD4C8 /* Info.plist */ = {isa = PBXFileReference; lastKnownFileType = text.plist.xml; path = Info.plist; sourceTree = "<group>"; };
		D55BA216244B47D4002CD4C8 /* TabBarController.swift */ = {isa = PBXFileReference; lastKnownFileType = sourcecode.swift; path = TabBarController.swift; sourceTree = "<group>"; };
		D55BA220244B4EB8002CD4C8 /* MVCViewController.swift */ = {isa = PBXFileReference; lastKnownFileType = sourcecode.swift; path = MVCViewController.swift; sourceTree = "<group>"; };
		D55BA221244B4EB8002CD4C8 /* MVCViewController.xib */ = {isa = PBXFileReference; lastKnownFileType = file.xib; path = MVCViewController.xib; sourceTree = "<group>"; };
		D5836F22244B707F00E636D4 /* NavigationController.swift */ = {isa = PBXFileReference; lastKnownFileType = sourcecode.swift; path = NavigationController.swift; sourceTree = "<group>"; };
		D5836F25244B7D1600E636D4 /* UIButon+Utils.swift */ = {isa = PBXFileReference; lastKnownFileType = sourcecode.swift; path = "UIButon+Utils.swift"; sourceTree = "<group>"; };
		D5836F27244B7E9100E636D4 /* ModuleData.swift */ = {isa = PBXFileReference; lastKnownFileType = sourcecode.swift; path = ModuleData.swift; sourceTree = "<group>"; };
		D5836F29244B83D400E636D4 /* MVVMViewController.xib */ = {isa = PBXFileReference; fileEncoding = 4; lastKnownFileType = file.xib; path = MVVMViewController.xib; sourceTree = "<group>"; };
		D5836F2B244B83DF00E636D4 /* MVVMViewController.swift */ = {isa = PBXFileReference; fileEncoding = 4; lastKnownFileType = sourcecode.swift; path = MVVMViewController.swift; sourceTree = "<group>"; };
		D5836F2D244B860C00E636D4 /* MVVMViewModel.swift */ = {isa = PBXFileReference; lastKnownFileType = sourcecode.swift; path = MVVMViewModel.swift; sourceTree = "<group>"; };
		D5836F2F244B861D00E636D4 /* ViewModel.swift */ = {isa = PBXFileReference; lastKnownFileType = sourcecode.swift; path = ViewModel.swift; sourceTree = "<group>"; };
/* End PBXFileReference section */

/* Begin PBXFrameworksBuildPhase section */
		D55BA1E0244B46AE002CD4C8 /* Frameworks */ = {
			isa = PBXFrameworksBuildPhase;
			buildActionMask = 2147483647;
			files = (
			);
			runOnlyForDeploymentPostprocessing = 0;
		};
		D55BA1F6244B46B0002CD4C8 /* Frameworks */ = {
			isa = PBXFrameworksBuildPhase;
			buildActionMask = 2147483647;
			files = (
			);
			runOnlyForDeploymentPostprocessing = 0;
		};
		D55BA201244B46B0002CD4C8 /* Frameworks */ = {
			isa = PBXFrameworksBuildPhase;
			buildActionMask = 2147483647;
			files = (
			);
			runOnlyForDeploymentPostprocessing = 0;
		};
/* End PBXFrameworksBuildPhase section */

/* Begin PBXGroup section */
		D55BA1DA244B46AE002CD4C8 = {
			isa = PBXGroup;
			children = (
				D55BA1E5244B46AE002CD4C8 /* iOSTemplates */,
				D55BA1FC244B46B0002CD4C8 /* iOSTemplatesTests */,
				D55BA207244B46B0002CD4C8 /* iOSTemplatesUITests */,
				D55BA1E4244B46AE002CD4C8 /* Products */,
			);
			sourceTree = "<group>";
		};
		D55BA1E4244B46AE002CD4C8 /* Products */ = {
			isa = PBXGroup;
			children = (
				D55BA1E3244B46AE002CD4C8 /* iOS Templates.app */,
				D55BA1F9244B46B0002CD4C8 /* iOSTemplatesTests.xctest */,
				D55BA204244B46B0002CD4C8 /* iOSTemplatesUITests.xctest */,
			);
			name = Products;
			sourceTree = "<group>";
		};
		D55BA1E5244B46AE002CD4C8 /* iOSTemplates */ = {
			isa = PBXGroup;
			children = (
				D55BA21A244B4B61002CD4C8 /* base */,
				D55BA21B244B4BAA002CD4C8 /* modules */,
				D55BA21F244B4BE0002CD4C8 /* models */,
				D5836F24244B7CFC00E636D4 /* extensions */,
			);
			path = iOSTemplates;
			sourceTree = "<group>";
		};
		D55BA1FC244B46B0002CD4C8 /* iOSTemplatesTests */ = {
			isa = PBXGroup;
			children = (
				D55BA1FD244B46B0002CD4C8 /* iOSTemplatesTests.swift */,
				D55BA1FF244B46B0002CD4C8 /* Info.plist */,
			);
			path = iOSTemplatesTests;
			sourceTree = "<group>";
		};
		D55BA207244B46B0002CD4C8 /* iOSTemplatesUITests */ = {
			isa = PBXGroup;
			children = (
				D55BA208244B46B0002CD4C8 /* iOSTemplatesUITests.swift */,
				D55BA20A244B46B0002CD4C8 /* Info.plist */,
			);
			path = iOSTemplatesUITests;
			sourceTree = "<group>";
		};
		D55BA21A244B4B61002CD4C8 /* base */ = {
			isa = PBXGroup;
			children = (
				D55BA1E6244B46AE002CD4C8 /* AppDelegate.swift */,
				D55BA1E8244B46AE002CD4C8 /* SceneDelegate.swift */,
				D55BA216244B47D4002CD4C8 /* TabBarController.swift */,
				D5836F22244B707F00E636D4 /* NavigationController.swift */,
				D55BA1EA244B46AE002CD4C8 /* ViewController.swift */,
				D5836F2F244B861D00E636D4 /* ViewModel.swift */,
				D50644BC244B915400AC31BB /* Interactor.swift */,
				D50644C0244B93DE00AC31BB /* Router.swift */,
				D55BA1EF244B46AF002CD4C8 /* Assets.xcassets */,
				D55BA1F1244B46AF002CD4C8 /* LaunchScreen.storyboard */,
				D55BA1F4244B46AF002CD4C8 /* Info.plist */,
			);
			path = base;
			sourceTree = "<group>";
		};
		D55BA21B244B4BAA002CD4C8 /* modules */ = {
			isa = PBXGroup;
			children = (
				D55BA21C244B4BB6002CD4C8 /* MVC */,
				D55BA21D244B4BC0002CD4C8 /* MVVM */,
				D55BA21E244B4BC6002CD4C8 /* VIPER */,
			);
			path = modules;
			sourceTree = "<group>";
		};
		D55BA21C244B4BB6002CD4C8 /* MVC */ = {
			isa = PBXGroup;
			children = (
				D55BA220244B4EB8002CD4C8 /* MVCViewController.swift */,
				D55BA221244B4EB8002CD4C8 /* MVCViewController.xib */,
			);
			path = MVC;
			sourceTree = "<group>";
		};
		D55BA21D244B4BC0002CD4C8 /* MVVM */ = {
			isa = PBXGroup;
			children = (
				D5836F2D244B860C00E636D4 /* MVVMViewModel.swift */,
				D5836F2B244B83DF00E636D4 /* MVVMViewController.swift */,
				D5836F29244B83D400E636D4 /* MVVMViewController.xib */,
			);
			path = MVVM;
			sourceTree = "<group>";
		};
		D55BA21E244B4BC6002CD4C8 /* VIPER */ = {
			isa = PBXGroup;
			children = (
				D50644BE244B93CE00AC31BB /* VIPERRouter.swift */,
				D50644B8244B902200AC31BB /* VIPERPresenter.swift */,
				D50644BA244B914500AC31BB /* VIPERInteractor.swift */,
				D50644B6244B900E00AC31BB /* VIPERViewController.swift */,
				D50644B4244B8FFE00AC31BB /* VIPERViewController.xib */,
			);
			path = VIPER;
			sourceTree = "<group>";
		};
		D55BA21F244B4BE0002CD4C8 /* models */ = {
			isa = PBXGroup;
			children = (
				D5836F27244B7E9100E636D4 /* ModuleData.swift */,
			);
			path = models;
			sourceTree = "<group>";
		};
		D5836F24244B7CFC00E636D4 /* extensions */ = {
			isa = PBXGroup;
			children = (
				D5836F25244B7D1600E636D4 /* UIButon+Utils.swift */,
			);
			path = extensions;
			sourceTree = "<group>";
		};
/* End PBXGroup section */

/* Begin PBXNativeTarget section */
		D55BA1E2244B46AE002CD4C8 /* iOSTemplates */ = {
			isa = PBXNativeTarget;
			buildConfigurationList = D55BA20D244B46B0002CD4C8 /* Build configuration list for PBXNativeTarget "iOSTemplates" */;
			buildPhases = (
				D55BA1DF244B46AE002CD4C8 /* Sources */,
				D55BA1E0244B46AE002CD4C8 /* Frameworks */,
				D55BA1E1244B46AE002CD4C8 /* Resources */,
			);
			buildRules = (
			);
			dependencies = (
			);
			name = iOSTemplates;
			productName = iOSTemplates;
			productReference = D55BA1E3244B46AE002CD4C8 /* iOS Templates.app */;
			productType = "com.apple.product-type.application";
		};
		D55BA1F8244B46B0002CD4C8 /* iOSTemplatesTests */ = {
			isa = PBXNativeTarget;
			buildConfigurationList = D55BA210244B46B0002CD4C8 /* Build configuration list for PBXNativeTarget "iOSTemplatesTests" */;
			buildPhases = (
				D55BA1F5244B46B0002CD4C8 /* Sources */,
				D55BA1F6244B46B0002CD4C8 /* Frameworks */,
				D55BA1F7244B46B0002CD4C8 /* Resources */,
			);
			buildRules = (
			);
			dependencies = (
				D55BA1FB244B46B0002CD4C8 /* PBXTargetDependency */,
			);
			name = iOSTemplatesTests;
			productName = iOSTemplatesTests;
			productReference = D55BA1F9244B46B0002CD4C8 /* iOSTemplatesTests.xctest */;
			productType = "com.apple.product-type.bundle.unit-test";
		};
		D55BA203244B46B0002CD4C8 /* iOSTemplatesUITests */ = {
			isa = PBXNativeTarget;
			buildConfigurationList = D55BA213244B46B0002CD4C8 /* Build configuration list for PBXNativeTarget "iOSTemplatesUITests" */;
			buildPhases = (
				D55BA200244B46B0002CD4C8 /* Sources */,
				D55BA201244B46B0002CD4C8 /* Frameworks */,
				D55BA202244B46B0002CD4C8 /* Resources */,
			);
			buildRules = (
			);
			dependencies = (
				D55BA206244B46B0002CD4C8 /* PBXTargetDependency */,
			);
			name = iOSTemplatesUITests;
			productName = iOSTemplatesUITests;
			productReference = D55BA204244B46B0002CD4C8 /* iOSTemplatesUITests.xctest */;
			productType = "com.apple.product-type.bundle.ui-testing";
		};
/* End PBXNativeTarget section */

/* Begin PBXProject section */
		D55BA1DB244B46AE002CD4C8 /* Project object */ = {
			isa = PBXProject;
			attributes = {
				LastSwiftUpdateCheck = 1140;
				LastUpgradeCheck = 1140;
				ORGANIZATIONNAME = "Mário Galvao";
				TargetAttributes = {
					D55BA1E2244B46AE002CD4C8 = {
						CreatedOnToolsVersion = 11.4;
					};
					D55BA1F8244B46B0002CD4C8 = {
						CreatedOnToolsVersion = 11.4;
						TestTargetID = D55BA1E2244B46AE002CD4C8;
					};
					D55BA203244B46B0002CD4C8 = {
						CreatedOnToolsVersion = 11.4;
						TestTargetID = D55BA1E2244B46AE002CD4C8;
					};
				};
			};
			buildConfigurationList = D55BA1DE244B46AE002CD4C8 /* Build configuration list for PBXProject "iOSTemplates" */;
			compatibilityVersion = "Xcode 9.3";
			developmentRegion = en;
			hasScannedForEncodings = 0;
			knownRegions = (
				en,
				Base,
			);
			mainGroup = D55BA1DA244B46AE002CD4C8;
			productRefGroup = D55BA1E4244B46AE002CD4C8 /* Products */;
			projectDirPath = "";
			projectRoot = "";
			targets = (
				D55BA1E2244B46AE002CD4C8 /* iOSTemplates */,
				D55BA1F8244B46B0002CD4C8 /* iOSTemplatesTests */,
				D55BA203244B46B0002CD4C8 /* iOSTemplatesUITests */,
			);
		};
/* End PBXProject section */

/* Begin PBXResourcesBuildPhase section */
		D55BA1E1244B46AE002CD4C8 /* Resources */ = {
			isa = PBXResourcesBuildPhase;
			buildActionMask = 2147483647;
			files = (
				D5836F2A244B83D400E636D4 /* MVVMViewController.xib in Resources */,
				D50644B5244B8FFE00AC31BB /* VIPERViewController.xib in Resources */,
				D55BA1F3244B46AF002CD4C8 /* LaunchScreen.storyboard in Resources */,
				D55BA1F0244B46AF002CD4C8 /* Assets.xcassets in Resources */,
				D55BA223244B4EB8002CD4C8 /* MVCViewController.xib in Resources */,
			);
			runOnlyForDeploymentPostprocessing = 0;
		};
		D55BA1F7244B46B0002CD4C8 /* Resources */ = {
			isa = PBXResourcesBuildPhase;
			buildActionMask = 2147483647;
			files = (
			);
			runOnlyForDeploymentPostprocessing = 0;
		};
		D55BA202244B46B0002CD4C8 /* Resources */ = {
			isa = PBXResourcesBuildPhase;
			buildActionMask = 2147483647;
			files = (
			);
			runOnlyForDeploymentPostprocessing = 0;
		};
/* End PBXResourcesBuildPhase section */

/* Begin PBXSourcesBuildPhase section */
		D55BA1DF244B46AE002CD4C8 /* Sources */ = {
			isa = PBXSourcesBuildPhase;
			buildActionMask = 2147483647;
			files = (
				D55BA222244B4EB8002CD4C8 /* MVCViewController.swift in Sources */,
				D5836F28244B7E9100E636D4 /* ModuleData.swift in Sources */,
				D5836F23244B707F00E636D4 /* NavigationController.swift in Sources */,
				D50644BF244B93CE00AC31BB /* VIPERRouter.swift in Sources */,
				D55BA1EB244B46AE002CD4C8 /* ViewController.swift in Sources */,
				D55BA218244B47D4002CD4C8 /* TabBarController.swift in Sources */,
				D50644BB244B914500AC31BB /* VIPERInteractor.swift in Sources */,
				D5836F2C244B83DF00E636D4 /* MVVMViewController.swift in Sources */,
				D5836F2E244B860C00E636D4 /* MVVMViewModel.swift in Sources */,
				D55BA1E7244B46AE002CD4C8 /* AppDelegate.swift in Sources */,
				D50644C1244B93DE00AC31BB /* Router.swift in Sources */,
				D5836F26244B7D1600E636D4 /* UIButon+Utils.swift in Sources */,
				D50644B7244B900E00AC31BB /* VIPERViewController.swift in Sources */,
				D5836F30244B861D00E636D4 /* ViewModel.swift in Sources */,
				D50644BD244B915400AC31BB /* Interactor.swift in Sources */,
				D55BA1E9244B46AE002CD4C8 /* SceneDelegate.swift in Sources */,
				D50644B9244B902200AC31BB /* VIPERPresenter.swift in Sources */,
			);
			runOnlyForDeploymentPostprocessing = 0;
		};
		D55BA1F5244B46B0002CD4C8 /* Sources */ = {
			isa = PBXSourcesBuildPhase;
			buildActionMask = 2147483647;
			files = (
				D55BA1FE244B46B0002CD4C8 /* iOSTemplatesTests.swift in Sources */,
			);
			runOnlyForDeploymentPostprocessing = 0;
		};
		D55BA200244B46B0002CD4C8 /* Sources */ = {
			isa = PBXSourcesBuildPhase;
			buildActionMask = 2147483647;
			files = (
				D55BA209244B46B0002CD4C8 /* iOSTemplatesUITests.swift in Sources */,
			);
			runOnlyForDeploymentPostprocessing = 0;
		};
/* End PBXSourcesBuildPhase section */

/* Begin PBXTargetDependency section */
		D55BA1FB244B46B0002CD4C8 /* PBXTargetDependency */ = {
			isa = PBXTargetDependency;
			target = D55BA1E2244B46AE002CD4C8 /* iOSTemplates */;
			targetProxy = D55BA1FA244B46B0002CD4C8 /* PBXContainerItemProxy */;
		};
		D55BA206244B46B0002CD4C8 /* PBXTargetDependency */ = {
			isa = PBXTargetDependency;
			target = D55BA1E2244B46AE002CD4C8 /* iOSTemplates */;
			targetProxy = D55BA205244B46B0002CD4C8 /* PBXContainerItemProxy */;
		};
/* End PBXTargetDependency section */

/* Begin PBXVariantGroup section */
		D55BA1F1244B46AF002CD4C8 /* LaunchScreen.storyboard */ = {
			isa = PBXVariantGroup;
			children = (
				D55BA1F2244B46AF002CD4C8 /* Base */,
			);
			name = LaunchScreen.storyboard;
			sourceTree = "<group>";
		};
/* End PBXVariantGroup section */

/* Begin XCBuildConfiguration section */
		D55BA20B244B46B0002CD4C8 /* Debug */ = {
			isa = XCBuildConfiguration;
			buildSettings = {
				ALWAYS_SEARCH_USER_PATHS = NO;
				CLANG_ANALYZER_NONNULL = YES;
				CLANG_ANALYZER_NUMBER_OBJECT_CONVERSION = YES_AGGRESSIVE;
				CLANG_CXX_LANGUAGE_STANDARD = "gnu++14";
				CLANG_CXX_LIBRARY = "libc++";
				CLANG_ENABLE_MODULES = YES;
				CLANG_ENABLE_OBJC_ARC = YES;
				CLANG_ENABLE_OBJC_WEAK = YES;
				CLANG_WARN_BLOCK_CAPTURE_AUTORELEASING = YES;
				CLANG_WARN_BOOL_CONVERSION = YES;
				CLANG_WARN_COMMA = YES;
				CLANG_WARN_CONSTANT_CONVERSION = YES;
				CLANG_WARN_DEPRECATED_OBJC_IMPLEMENTATIONS = YES;
				CLANG_WARN_DIRECT_OBJC_ISA_USAGE = YES_ERROR;
				CLANG_WARN_DOCUMENTATION_COMMENTS = YES;
				CLANG_WARN_EMPTY_BODY = YES;
				CLANG_WARN_ENUM_CONVERSION = YES;
				CLANG_WARN_INFINITE_RECURSION = YES;
				CLANG_WARN_INT_CONVERSION = YES;
				CLANG_WARN_NON_LITERAL_NULL_CONVERSION = YES;
				CLANG_WARN_OBJC_IMPLICIT_RETAIN_SELF = YES;
				CLANG_WARN_OBJC_LITERAL_CONVERSION = YES;
				CLANG_WARN_OBJC_ROOT_CLASS = YES_ERROR;
				CLANG_WARN_RANGE_LOOP_ANALYSIS = YES;
				CLANG_WARN_STRICT_PROTOTYPES = YES;
				CLANG_WARN_SUSPICIOUS_MOVE = YES;
				CLANG_WARN_UNGUARDED_AVAILABILITY = YES_AGGRESSIVE;
				CLANG_WARN_UNREACHABLE_CODE = YES;
				CLANG_WARN__DUPLICATE_METHOD_MATCH = YES;
				COPY_PHASE_STRIP = NO;
				DEBUG_INFORMATION_FORMAT = dwarf;
				ENABLE_STRICT_OBJC_MSGSEND = YES;
				ENABLE_TESTABILITY = YES;
				GCC_C_LANGUAGE_STANDARD = gnu11;
				GCC_DYNAMIC_NO_PIC = NO;
				GCC_NO_COMMON_BLOCKS = YES;
				GCC_OPTIMIZATION_LEVEL = 0;
				GCC_PREPROCESSOR_DEFINITIONS = (
					"DEBUG=1",
					"$(inherited)",
				);
				GCC_WARN_64_TO_32_BIT_CONVERSION = YES;
				GCC_WARN_ABOUT_RETURN_TYPE = YES_ERROR;
				GCC_WARN_UNDECLARED_SELECTOR = YES;
				GCC_WARN_UNINITIALIZED_AUTOS = YES_AGGRESSIVE;
				GCC_WARN_UNUSED_FUNCTION = YES;
				GCC_WARN_UNUSED_VARIABLE = YES;
				IPHONEOS_DEPLOYMENT_TARGET = 10.0;
				MTL_ENABLE_DEBUG_INFO = INCLUDE_SOURCE;
				MTL_FAST_MATH = YES;
				ONLY_ACTIVE_ARCH = YES;
				SDKROOT = iphoneos;
				SWIFT_ACTIVE_COMPILATION_CONDITIONS = DEBUG;
				SWIFT_OPTIMIZATION_LEVEL = "-Onone";
			};
			name = Debug;
		};
		D55BA20C244B46B0002CD4C8 /* Release */ = {
			isa = XCBuildConfiguration;
			buildSettings = {
				ALWAYS_SEARCH_USER_PATHS = NO;
				CLANG_ANALYZER_NONNULL = YES;
				CLANG_ANALYZER_NUMBER_OBJECT_CONVERSION = YES_AGGRESSIVE;
				CLANG_CXX_LANGUAGE_STANDARD = "gnu++14";
				CLANG_CXX_LIBRARY = "libc++";
				CLANG_ENABLE_MODULES = YES;
				CLANG_ENABLE_OBJC_ARC = YES;
				CLANG_ENABLE_OBJC_WEAK = YES;
				CLANG_WARN_BLOCK_CAPTURE_AUTORELEASING = YES;
				CLANG_WARN_BOOL_CONVERSION = YES;
				CLANG_WARN_COMMA = YES;
				CLANG_WARN_CONSTANT_CONVERSION = YES;
				CLANG_WARN_DEPRECATED_OBJC_IMPLEMENTATIONS = YES;
				CLANG_WARN_DIRECT_OBJC_ISA_USAGE = YES_ERROR;
				CLANG_WARN_DOCUMENTATION_COMMENTS = YES;
				CLANG_WARN_EMPTY_BODY = YES;
				CLANG_WARN_ENUM_CONVERSION = YES;
				CLANG_WARN_INFINITE_RECURSION = YES;
				CLANG_WARN_INT_CONVERSION = YES;
				CLANG_WARN_NON_LITERAL_NULL_CONVERSION = YES;
				CLANG_WARN_OBJC_IMPLICIT_RETAIN_SELF = YES;
				CLANG_WARN_OBJC_LITERAL_CONVERSION = YES;
				CLANG_WARN_OBJC_ROOT_CLASS = YES_ERROR;
				CLANG_WARN_RANGE_LOOP_ANALYSIS = YES;
				CLANG_WARN_STRICT_PROTOTYPES = YES;
				CLANG_WARN_SUSPICIOUS_MOVE = YES;
				CLANG_WARN_UNGUARDED_AVAILABILITY = YES_AGGRESSIVE;
				CLANG_WARN_UNREACHABLE_CODE = YES;
				CLANG_WARN__DUPLICATE_METHOD_MATCH = YES;
				COPY_PHASE_STRIP = NO;
				DEBUG_INFORMATION_FORMAT = "dwarf-with-dsym";
				ENABLE_NS_ASSERTIONS = NO;
				ENABLE_STRICT_OBJC_MSGSEND = YES;
				GCC_C_LANGUAGE_STANDARD = gnu11;
				GCC_NO_COMMON_BLOCKS = YES;
				GCC_WARN_64_TO_32_BIT_CONVERSION = YES;
				GCC_WARN_ABOUT_RETURN_TYPE = YES_ERROR;
				GCC_WARN_UNDECLARED_SELECTOR = YES;
				GCC_WARN_UNINITIALIZED_AUTOS = YES_AGGRESSIVE;
				GCC_WARN_UNUSED_FUNCTION = YES;
				GCC_WARN_UNUSED_VARIABLE = YES;
				IPHONEOS_DEPLOYMENT_TARGET = 10.0;
				MTL_ENABLE_DEBUG_INFO = NO;
				MTL_FAST_MATH = YES;
				SDKROOT = iphoneos;
				SWIFT_COMPILATION_MODE = wholemodule;
				SWIFT_OPTIMIZATION_LEVEL = "-O";
				VALIDATE_PRODUCT = YES;
			};
			name = Release;
		};
		D55BA20E244B46B0002CD4C8 /* Debug */ = {
			isa = XCBuildConfiguration;
			buildSettings = {
				ASSETCATALOG_COMPILER_APPICON_NAME = AppIcon;
				CODE_SIGN_STYLE = Automatic;
				DEVELOPMENT_TEAM = 3NYDB9XX8E;
				INFOPLIST_FILE = iOSTemplates/base/Info.plist;
				LD_RUNPATH_SEARCH_PATHS = (
					"$(inherited)",
					"@executable_path/Frameworks",
				);
				PRODUCT_BUNDLE_IDENTIFIER = com.openmindhouse.debug;
				PRODUCT_NAME = "iOS Templates";
				SWIFT_VERSION = 5.0;
				TARGETED_DEVICE_FAMILY = "1,2";
			};
			name = Debug;
		};
		D55BA20F244B46B0002CD4C8 /* Release */ = {
			isa = XCBuildConfiguration;
			buildSettings = {
				ASSETCATALOG_COMPILER_APPICON_NAME = AppIcon;
				CODE_SIGN_STYLE = Automatic;
				DEVELOPMENT_TEAM = 3NYDB9XX8E;
				INFOPLIST_FILE = iOSTemplates/base/Info.plist;
				LD_RUNPATH_SEARCH_PATHS = (
					"$(inherited)",
					"@executable_path/Frameworks",
				);
				PRODUCT_BUNDLE_IDENTIFIER = com.openmindhouse.release;
				PRODUCT_NAME = "iOS Templates";
				SWIFT_VERSION = 5.0;
				TARGETED_DEVICE_FAMILY = "1,2";
			};
			name = Release;
		};
		D55BA211244B46B0002CD4C8 /* Debug */ = {
			isa = XCBuildConfiguration;
			buildSettings = {
				ALWAYS_EMBED_SWIFT_STANDARD_LIBRARIES = YES;
				BUNDLE_LOADER = "$(TEST_HOST)";
				CODE_SIGN_STYLE = Automatic;
				DEVELOPMENT_TEAM = LTYPD42752;
				INFOPLIST_FILE = iOSTemplatesTests/Info.plist;
				IPHONEOS_DEPLOYMENT_TARGET = 13.4;
				LD_RUNPATH_SEARCH_PATHS = (
					"$(inherited)",
					"@executable_path/Frameworks",
					"@loader_path/Frameworks",
				);
				PRODUCT_BUNDLE_IDENTIFIER = mg.iOSTemplatesTests;
				PRODUCT_NAME = "$(TARGET_NAME)";
				SWIFT_VERSION = 5.0;
				TARGETED_DEVICE_FAMILY = "1,2";
				TEST_HOST = "$(BUILT_PRODUCTS_DIR)/iOSTemplates.app/iOSTemplates";
			};
			name = Debug;
		};
		D55BA212244B46B0002CD4C8 /* Release */ = {
			isa = XCBuildConfiguration;
			buildSettings = {
				ALWAYS_EMBED_SWIFT_STANDARD_LIBRARIES = YES;
				BUNDLE_LOADER = "$(TEST_HOST)";
				CODE_SIGN_STYLE = Automatic;
				DEVELOPMENT_TEAM = LTYPD42752;
				INFOPLIST_FILE = iOSTemplatesTests/Info.plist;
				IPHONEOS_DEPLOYMENT_TARGET = 13.4;
				LD_RUNPATH_SEARCH_PATHS = (
					"$(inherited)",
					"@executable_path/Frameworks",
					"@loader_path/Frameworks",
				);
				PRODUCT_BUNDLE_IDENTIFIER = mg.iOSTemplatesTests;
				PRODUCT_NAME = "$(TARGET_NAME)";
				SWIFT_VERSION = 5.0;
				TARGETED_DEVICE_FAMILY = "1,2";
				TEST_HOST = "$(BUILT_PRODUCTS_DIR)/iOSTemplates.app/iOSTemplates";
			};
			name = Release;
		};
		D55BA214244B46B0002CD4C8 /* Debug */ = {
			isa = XCBuildConfiguration;
			buildSettings = {
				ALWAYS_EMBED_SWIFT_STANDARD_LIBRARIES = YES;
				CODE_SIGN_STYLE = Automatic;
				DEVELOPMENT_TEAM = LTYPD42752;
				INFOPLIST_FILE = iOSTemplatesUITests/Info.plist;
				LD_RUNPATH_SEARCH_PATHS = (
					"$(inherited)",
					"@executable_path/Frameworks",
					"@loader_path/Frameworks",
				);
				PRODUCT_BUNDLE_IDENTIFIER = mg.iOSTemplatesUITests;
				PRODUCT_NAME = "$(TARGET_NAME)";
				SWIFT_VERSION = 5.0;
				TARGETED_DEVICE_FAMILY = "1,2";
				TEST_TARGET_NAME = iOSTemplates;
			};
			name = Debug;
		};
		D55BA215244B46B0002CD4C8 /* Release */ = {
			isa = XCBuildConfiguration;
			buildSettings = {
				ALWAYS_EMBED_SWIFT_STANDARD_LIBRARIES = YES;
				CODE_SIGN_STYLE = Automatic;
				DEVELOPMENT_TEAM = LTYPD42752;
				INFOPLIST_FILE = iOSTemplatesUITests/Info.plist;
				LD_RUNPATH_SEARCH_PATHS = (
					"$(inherited)",
					"@executable_path/Frameworks",
					"@loader_path/Frameworks",
				);
				PRODUCT_BUNDLE_IDENTIFIER = mg.iOSTemplatesUITests;
				PRODUCT_NAME = "$(TARGET_NAME)";
				SWIFT_VERSION = 5.0;
				TARGETED_DEVICE_FAMILY = "1,2";
				TEST_TARGET_NAME = iOSTemplates;
			};
			name = Release;
		};
/* End XCBuildConfiguration section */

/* Begin XCConfigurationList section */
		D55BA1DE244B46AE002CD4C8 /* Build configuration list for PBXProject "iOSTemplates" */ = {
			isa = XCConfigurationList;
			buildConfigurations = (
				D55BA20B244B46B0002CD4C8 /* Debug */,
				D55BA20C244B46B0002CD4C8 /* Release */,
			);
			defaultConfigurationIsVisible = 0;
			defaultConfigurationName = Release;
		};
		D55BA20D244B46B0002CD4C8 /* Build configuration list for PBXNativeTarget "iOSTemplates" */ = {
			isa = XCConfigurationList;
			buildConfigurations = (
				D55BA20E244B46B0002CD4C8 /* Debug */,
				D55BA20F244B46B0002CD4C8 /* Release */,
			);
			defaultConfigurationIsVisible = 0;
			defaultConfigurationName = Release;
		};
		D55BA210244B46B0002CD4C8 /* Build configuration list for PBXNativeTarget "iOSTemplatesTests" */ = {
			isa = XCConfigurationList;
			buildConfigurations = (
				D55BA211244B46B0002CD4C8 /* Debug */,
				D55BA212244B46B0002CD4C8 /* Release */,
			);
			defaultConfigurationIsVisible = 0;
			defaultConfigurationName = Release;
		};
		D55BA213244B46B0002CD4C8 /* Build configuration list for PBXNativeTarget "iOSTemplatesUITests" */ = {
			isa = XCConfigurationList;
			buildConfigurations = (
				D55BA214244B46B0002CD4C8 /* Debug */,
				D55BA215244B46B0002CD4C8 /* Release */,
			);
			defaultConfigurationIsVisible = 0;
			defaultConfigurationName = Release;
		};
/* End XCConfigurationList section */
	};
	rootObject = D55BA1DB244B46AE002CD4C8 /* Project object */;
}
